// !$*UTF8*$!
{
	archiveVersion = 1;
	classes = {
	};
	objectVersion = 46;
	objects = {

/* Begin PBXBuildFile section */
		29B01E4028D32F8100F315D0 /* MSQASignIn.framework in Frameworks */ = {isa = PBXBuildFile; fileRef = 29B01E3F28D32F8100F315D0 /* MSQASignIn.framework */; };
		29B01E4128D3300F00F315D0 /* MSQASignIn.framework in Embed Frameworks */ = {isa = PBXBuildFile; fileRef = 29B01E3F28D32F8100F315D0 /* MSQASignIn.framework */; settings = {ATTRIBUTES = (CodeSignOnCopy, RemoveHeadersOnCopy, ); }; };
		9DC431560E5435B383BBA0BB /* Pods_QuickAuthSample.framework in Frameworks */ = {isa = PBXBuildFile; fileRef = EB0030CD9F5EAEF51B8E54F5 /* Pods_QuickAuthSample.framework */; };
		D62CF4821E9593ED006C0217 /* SampleMainViewController.m in Sources */ = {isa = PBXBuildFile; fileRef = D62CF4811E9593ED006C0217 /* SampleMainViewController.m */; };
		D62CF4851E9593FB006C0217 /* SampleLoginViewController.m in Sources */ = {isa = PBXBuildFile; fileRef = D62CF4841E9593FB006C0217 /* SampleLoginViewController.m */; };
		D62CF4871E9594B2006C0217 /* SampleMainView.xib in Resources */ = {isa = PBXBuildFile; fileRef = D62CF4861E9594B2006C0217 /* SampleMainView.xib */; };
		D62CF4891E9594C5006C0217 /* SampleLoginView.xib in Resources */ = {isa = PBXBuildFile; fileRef = D62CF4881E9594C5006C0217 /* SampleLoginView.xib */; };
		D6AEBD6D1E92DBB300C31082 /* main.m in Sources */ = {isa = PBXBuildFile; fileRef = D6AEBD6C1E92DBB300C31082 /* main.m */; };
		D6AEBD701E92DBB300C31082 /* SampleAppDelegate.m in Sources */ = {isa = PBXBuildFile; fileRef = D6AEBD6F1E92DBB300C31082 /* SampleAppDelegate.m */; };
		D6AEBD781E92DBB300C31082 /* Assets.xcassets in Resources */ = {isa = PBXBuildFile; fileRef = D6AEBD771E92DBB300C31082 /* Assets.xcassets */; };
		D6AEBD7B1E92DBB300C31082 /* LaunchScreen.storyboard in Resources */ = {isa = PBXBuildFile; fileRef = D6AEBD791E92DBB300C31082 /* LaunchScreen.storyboard */; };
		D6B88B171EA55F3C00A2374B /* no_photo.png in Resources */ = {isa = PBXBuildFile; fileRef = D6B88B161EA55F3C00A2374B /* no_photo.png */; };
/* End PBXBuildFile section */

/* Begin PBXCopyFilesBuildPhase section */
		29AD994A28AE2D3E0029F4FB /* Embed Frameworks */ = {
			isa = PBXCopyFilesBuildPhase;
			buildActionMask = 2147483647;
			dstPath = "";
			dstSubfolderSpec = 10;
			files = (
				29B01E4128D3300F00F315D0 /* MSQASignIn.framework in Embed Frameworks */,
			);
			name = "Embed Frameworks";
			runOnlyForDeploymentPostprocessing = 0;
		};
/* End PBXCopyFilesBuildPhase section */

/* Begin PBXFileReference section */
		1F4E7F9A08A5E9E912BD6799 /* Pods-QuickAuthSample.release.xcconfig */ = {isa = PBXFileReference; includeInIndex = 1; lastKnownFileType = text.xcconfig; name = "Pods-QuickAuthSample.release.xcconfig"; path = "Target Support Files/Pods-QuickAuthSample/Pods-QuickAuthSample.release.xcconfig"; sourceTree = "<group>"; };
		29A71ECE28BF55A800A449D9 /* Pods_MSQASignIn.framework */ = {isa = PBXFileReference; explicitFileType = wrapper.framework; path = Pods_MSQASignIn.framework; sourceTree = BUILT_PRODUCTS_DIR; };
		29A9926228BF538800C2F474 /* Pods_MSQASignIn.framework */ = {isa = PBXFileReference; explicitFileType = wrapper.framework; path = Pods_MSQASignIn.framework; sourceTree = BUILT_PRODUCTS_DIR; };
		29B01E3F28D32F8100F315D0 /* MSQASignIn.framework */ = {isa = PBXFileReference; lastKnownFileType = wrapper.framework; path = MSQASignIn.framework; sourceTree = "<group>"; };
		29E06DE528BDE889003D558A /* MSQASignIn.framework */ = {isa = PBXFileReference; explicitFileType = wrapper.framework; path = MSQASignIn.framework; sourceTree = BUILT_PRODUCTS_DIR; };
		29EA75A328C0753500501E0E /* MSQASignIn.framework */ = {isa = PBXFileReference; explicitFileType = wrapper.framework; path = MSQASignIn.framework; sourceTree = BUILT_PRODUCTS_DIR; };
		29EA75AA28C0B67D00501E0E /* MSQASignIn.framework */ = {isa = PBXFileReference; explicitFileType = wrapper.framework; path = MSQASignIn.framework; sourceTree = BUILT_PRODUCTS_DIR; };
		8025F4CC28EAEBB7A21FB6C0 /* Pods-QuickAuthSample.debug.xcconfig */ = {isa = PBXFileReference; includeInIndex = 1; lastKnownFileType = text.xcconfig; name = "Pods-QuickAuthSample.debug.xcconfig"; path = "Target Support Files/Pods-QuickAuthSample/Pods-QuickAuthSample.debug.xcconfig"; sourceTree = "<group>"; };
		B221CF0820C4859C002F5E94 /* SampleAppiOS.entitlements */ = {isa = PBXFileReference; lastKnownFileType = text.plist.entitlements; path = SampleAppiOS.entitlements; sourceTree = "<group>"; };
		D62CF4801E9593ED006C0217 /* SampleMainViewController.h */ = {isa = PBXFileReference; fileEncoding = 4; lastKnownFileType = sourcecode.c.h; path = SampleMainViewController.h; sourceTree = "<group>"; };
		D62CF4811E9593ED006C0217 /* SampleMainViewController.m */ = {isa = PBXFileReference; fileEncoding = 4; lastKnownFileType = sourcecode.c.objc; path = SampleMainViewController.m; sourceTree = "<group>"; };
		D62CF4831E9593FB006C0217 /* SampleLoginViewController.h */ = {isa = PBXFileReference; fileEncoding = 4; lastKnownFileType = sourcecode.c.h; path = SampleLoginViewController.h; sourceTree = "<group>"; };
		D62CF4841E9593FB006C0217 /* SampleLoginViewController.m */ = {isa = PBXFileReference; fileEncoding = 4; lastKnownFileType = sourcecode.c.objc; path = SampleLoginViewController.m; sourceTree = "<group>"; };
		D62CF4861E9594B2006C0217 /* SampleMainView.xib */ = {isa = PBXFileReference; fileEncoding = 4; lastKnownFileType = file.xib; path = SampleMainView.xib; sourceTree = "<group>"; };
		D62CF4881E9594C5006C0217 /* SampleLoginView.xib */ = {isa = PBXFileReference; fileEncoding = 4; lastKnownFileType = file.xib; name = SampleLoginView.xib; path = ../SampleLoginView.xib; sourceTree = "<group>"; };
		D6AEBD681E92DBB300C31082 /* QuickAuthSample.app */ = {isa = PBXFileReference; explicitFileType = wrapper.application; includeInIndex = 0; path = QuickAuthSample.app; sourceTree = BUILT_PRODUCTS_DIR; };
		D6AEBD6C1E92DBB300C31082 /* main.m */ = {isa = PBXFileReference; lastKnownFileType = sourcecode.c.objc; path = main.m; sourceTree = "<group>"; };
		D6AEBD6E1E92DBB300C31082 /* SampleAppDelegate.h */ = {isa = PBXFileReference; lastKnownFileType = sourcecode.c.h; path = SampleAppDelegate.h; sourceTree = "<group>"; };
		D6AEBD6F1E92DBB300C31082 /* SampleAppDelegate.m */ = {isa = PBXFileReference; lastKnownFileType = sourcecode.c.objc; path = SampleAppDelegate.m; sourceTree = "<group>"; };
		D6AEBD771E92DBB300C31082 /* Assets.xcassets */ = {isa = PBXFileReference; lastKnownFileType = folder.assetcatalog; path = Assets.xcassets; sourceTree = "<group>"; };
		D6AEBD7A1E92DBB300C31082 /* Base */ = {isa = PBXFileReference; lastKnownFileType = file.storyboard; name = Base; path = Base.lproj/LaunchScreen.storyboard; sourceTree = "<group>"; };
		D6AEBD7C1E92DBB300C31082 /* Info.plist */ = {isa = PBXFileReference; lastKnownFileType = text.plist.xml; path = Info.plist; sourceTree = "<group>"; };
		D6B88B161EA55F3C00A2374B /* no_photo.png */ = {isa = PBXFileReference; lastKnownFileType = image.png; path = no_photo.png; sourceTree = "<group>"; };
		EB0030CD9F5EAEF51B8E54F5 /* Pods_QuickAuthSample.framework */ = {isa = PBXFileReference; explicitFileType = wrapper.framework; includeInIndex = 0; path = Pods_QuickAuthSample.framework; sourceTree = BUILT_PRODUCTS_DIR; };
/* End PBXFileReference section */

/* Begin PBXFrameworksBuildPhase section */
		D6AEBD651E92DBB300C31082 /* Frameworks */ = {
			isa = PBXFrameworksBuildPhase;
			buildActionMask = 2147483647;
			files = (
				29B01E4028D32F8100F315D0 /* MSQASignIn.framework in Frameworks */,
				9DC431560E5435B383BBA0BB /* Pods_QuickAuthSample.framework in Frameworks */,
			);
			runOnlyForDeploymentPostprocessing = 0;
		};
/* End PBXFrameworksBuildPhase section */

/* Begin PBXGroup section */
		29AD994428AE2CF80029F4FB /* Frameworks */ = {
			isa = PBXGroup;
			children = (
				29EA75A328C0753500501E0E /* MSQASignIn.framework */,
				29EA75AA28C0B67D00501E0E /* MSQASignIn.framework */,
				29B01E3F28D32F8100F315D0 /* MSQASignIn.framework */,
				29A71ECE28BF55A800A449D9 /* Pods_MSQASignIn.framework */,
				29A9926228BF538800C2F474 /* Pods_MSQASignIn.framework */,
				29E06DE528BDE889003D558A /* MSQASignIn.framework */,
				EB0030CD9F5EAEF51B8E54F5 /* Pods_QuickAuthSample.framework */,
			);
			name = Frameworks;
			sourceTree = "<group>";
		};
		37FA2B47371AFB5006F3E916 /* Pods */ = {
			isa = PBXGroup;
			children = (
				8025F4CC28EAEBB7A21FB6C0 /* Pods-QuickAuthSample.debug.xcconfig */,
				1F4E7F9A08A5E9E912BD6799 /* Pods-QuickAuthSample.release.xcconfig */,
			);
			path = Pods;
			sourceTree = "<group>";
		};
		D6AEBD5F1E92DBB300C31082 = {
			isa = PBXGroup;
			children = (
				D6AEBD6A1E92DBB300C31082 /* SampleAppiOS */,
				D6AEBD691E92DBB300C31082 /* Products */,
				29AD994428AE2CF80029F4FB /* Frameworks */,
				37FA2B47371AFB5006F3E916 /* Pods */,
			);
			sourceTree = "<group>";
		};
		D6AEBD691E92DBB300C31082 /* Products */ = {
			isa = PBXGroup;
			children = (
				D6AEBD681E92DBB300C31082 /* QuickAuthSample.app */,
			);
			name = Products;
			sourceTree = "<group>";
		};
		D6AEBD6A1E92DBB300C31082 /* SampleAppiOS */ = {
			isa = PBXGroup;
			children = (
				B221CF0820C4859C002F5E94 /* SampleAppiOS.entitlements */,
				D6AEBD6E1E92DBB300C31082 /* SampleAppDelegate.h */,
				D6AEBD6F1E92DBB300C31082 /* SampleAppDelegate.m */,
				D6AEBD771E92DBB300C31082 /* Assets.xcassets */,
				D6AEBD791E92DBB300C31082 /* LaunchScreen.storyboard */,
				D6AEBD7C1E92DBB300C31082 /* Info.plist */,
				D6AEBD6B1E92DBB300C31082 /* Supporting Files */,
				D62CF4831E9593FB006C0217 /* SampleLoginViewController.h */,
				D62CF4841E9593FB006C0217 /* SampleLoginViewController.m */,
				D62CF4881E9594C5006C0217 /* SampleLoginView.xib */,
				D62CF4801E9593ED006C0217 /* SampleMainViewController.h */,
				D62CF4811E9593ED006C0217 /* SampleMainViewController.m */,
				D62CF4861E9594B2006C0217 /* SampleMainView.xib */,
			);
			path = SampleAppiOS;
			sourceTree = "<group>";
		};
		D6AEBD6B1E92DBB300C31082 /* Supporting Files */ = {
			isa = PBXGroup;
			children = (
				D6B88B161EA55F3C00A2374B /* no_photo.png */,
				D6AEBD6C1E92DBB300C31082 /* main.m */,
			);
			name = "Supporting Files";
			sourceTree = "<group>";
		};
/* End PBXGroup section */

/* Begin PBXNativeTarget section */
		D6AEBD671E92DBB300C31082 /* QuickAuthSample */ = {
			isa = PBXNativeTarget;
			buildConfigurationList = D6AEBD7F1E92DBB300C31082 /* Build configuration list for PBXNativeTarget "QuickAuthSample" */;
			buildPhases = (
				994295C6CC4988D01C1F14F9 /* [CP] Check Pods Manifest.lock */,
				D6AEBD641E92DBB300C31082 /* Sources */,
				D6AEBD651E92DBB300C31082 /* Frameworks */,
				D6AEBD661E92DBB300C31082 /* Resources */,
				29AD994A28AE2D3E0029F4FB /* Embed Frameworks */,
				A8CFFE465AF35B61E83DF421 /* [CP] Embed Pods Frameworks */,
			);
			buildRules = (
			);
			dependencies = (
			);
			name = QuickAuthSample;
			productName = BasicApplicationiOS;
			productReference = D6AEBD681E92DBB300C31082 /* QuickAuthSample.app */;
			productType = "com.apple.product-type.application";
		};
/* End PBXNativeTarget section */

/* Begin PBXProject section */
		D6AEBD601E92DBB300C31082 /* Project object */ = {
			isa = PBXProject;
			attributes = {
				LastUpgradeCheck = 1340;
				ORGANIZATIONNAME = Microsoft;
				TargetAttributes = {
					D6AEBD671E92DBB300C31082 = {
						CreatedOnToolsVersion = 8.3;
						DevelopmentTeam = UBF8T346G9;
						ProvisioningStyle = Automatic;
						SystemCapabilities = {
							com.apple.Keychain = {
								enabled = 1;
							};
						};
					};
				};
			};
			buildConfigurationList = D6AEBD631E92DBB300C31082 /* Build configuration list for PBXProject "QuickAuthSample" */;
			compatibilityVersion = "Xcode 3.2";
			developmentRegion = English;
			hasScannedForEncodings = 0;
			knownRegions = (
				English,
				en,
				Base,
			);
			mainGroup = D6AEBD5F1E92DBB300C31082;
			productRefGroup = D6AEBD691E92DBB300C31082 /* Products */;
			projectDirPath = "";
			projectRoot = "";
			targets = (
				D6AEBD671E92DBB300C31082 /* QuickAuthSample */,
			);
		};
/* End PBXProject section */

/* Begin PBXResourcesBuildPhase section */
		D6AEBD661E92DBB300C31082 /* Resources */ = {
			isa = PBXResourcesBuildPhase;
			buildActionMask = 2147483647;
			files = (
				D6AEBD7B1E92DBB300C31082 /* LaunchScreen.storyboard in Resources */,
				D62CF4871E9594B2006C0217 /* SampleMainView.xib in Resources */,
				D6AEBD781E92DBB300C31082 /* Assets.xcassets in Resources */,
				D6B88B171EA55F3C00A2374B /* no_photo.png in Resources */,
				D62CF4891E9594C5006C0217 /* SampleLoginView.xib in Resources */,
			);
			runOnlyForDeploymentPostprocessing = 0;
		};
/* End PBXResourcesBuildPhase section */

/* Begin PBXShellScriptBuildPhase section */
		994295C6CC4988D01C1F14F9 /* [CP] Check Pods Manifest.lock */ = {
			isa = PBXShellScriptBuildPhase;
			buildActionMask = 2147483647;
			files = (
			);
			inputFileListPaths = (
			);
			inputPaths = (
				"${PODS_PODFILE_DIR_PATH}/Podfile.lock",
				"${PODS_ROOT}/Manifest.lock",
			);
			name = "[CP] Check Pods Manifest.lock";
			outputFileListPaths = (
			);
			outputPaths = (
				"$(DERIVED_FILE_DIR)/Pods-QuickAuthSample-checkManifestLockResult.txt",
			);
			runOnlyForDeploymentPostprocessing = 0;
			shellPath = /bin/sh;
			shellScript = "diff \"${PODS_PODFILE_DIR_PATH}/Podfile.lock\" \"${PODS_ROOT}/Manifest.lock\" > /dev/null\nif [ $? != 0 ] ; then\n    # print error to STDERR\n    echo \"error: The sandbox is not in sync with the Podfile.lock. Run 'pod install' or update your CocoaPods installation.\" >&2\n    exit 1\nfi\n# This output is used by Xcode 'outputs' to avoid re-running this script phase.\necho \"SUCCESS\" > \"${SCRIPT_OUTPUT_FILE_0}\"\n";
			showEnvVarsInLog = 0;
		};
		A8CFFE465AF35B61E83DF421 /* [CP] Embed Pods Frameworks */ = {
			isa = PBXShellScriptBuildPhase;
			buildActionMask = 2147483647;
			files = (
			);
			inputPaths = (
				"${PODS_ROOT}/Target Support Files/Pods-QuickAuthSample/Pods-QuickAuthSample-frameworks.sh",
				"${BUILT_PRODUCTS_DIR}/MSAL/MSAL.framework",
			);
			name = "[CP] Embed Pods Frameworks";
			outputPaths = (
				"${TARGET_BUILD_DIR}/${FRAMEWORKS_FOLDER_PATH}/MSAL.framework",
			);
			runOnlyForDeploymentPostprocessing = 0;
			shellPath = /bin/sh;
			shellScript = "\"${PODS_ROOT}/Target Support Files/Pods-QuickAuthSample/Pods-QuickAuthSample-frameworks.sh\"\n";
			showEnvVarsInLog = 0;
		};
/* End PBXShellScriptBuildPhase section */

/* Begin PBXSourcesBuildPhase section */
		D6AEBD641E92DBB300C31082 /* Sources */ = {
			isa = PBXSourcesBuildPhase;
			buildActionMask = 2147483647;
			files = (
				D6AEBD701E92DBB300C31082 /* SampleAppDelegate.m in Sources */,
				D6AEBD6D1E92DBB300C31082 /* main.m in Sources */,
				D62CF4821E9593ED006C0217 /* SampleMainViewController.m in Sources */,
				D62CF4851E9593FB006C0217 /* SampleLoginViewController.m in Sources */,
			);
			runOnlyForDeploymentPostprocessing = 0;
		};
/* End PBXSourcesBuildPhase section */

/* Begin PBXVariantGroup section */
		D6AEBD791E92DBB300C31082 /* LaunchScreen.storyboard */ = {
			isa = PBXVariantGroup;
			children = (
				D6AEBD7A1E92DBB300C31082 /* Base */,
			);
			name = LaunchScreen.storyboard;
			sourceTree = "<group>";
		};
/* End PBXVariantGroup section */

/* Begin XCBuildConfiguration section */
		D6AEBD7D1E92DBB300C31082 /* Debug */ = {
			isa = XCBuildConfiguration;
			buildSettings = {
				ALWAYS_SEARCH_USER_PATHS = NO;
				CLANG_ANALYZER_LOCALIZABILITY_NONLOCALIZED = YES;
				CLANG_ANALYZER_NONNULL = YES;
				CLANG_ANALYZER_NUMBER_OBJECT_CONVERSION = YES_AGGRESSIVE;
				CLANG_CXX_LANGUAGE_STANDARD = "gnu++0x";
				CLANG_CXX_LIBRARY = "libc++";
				CLANG_ENABLE_MODULES = YES;
				CLANG_ENABLE_OBJC_ARC = YES;
				CLANG_WARN_BLOCK_CAPTURE_AUTORELEASING = YES;
				CLANG_WARN_BOOL_CONVERSION = YES;
				CLANG_WARN_COMMA = YES;
				CLANG_WARN_CONSTANT_CONVERSION = YES;
				CLANG_WARN_DEPRECATED_OBJC_IMPLEMENTATIONS = YES;
				CLANG_WARN_DIRECT_OBJC_ISA_USAGE = YES_ERROR;
				CLANG_WARN_DOCUMENTATION_COMMENTS = YES;
				CLANG_WARN_EMPTY_BODY = YES;
				CLANG_WARN_ENUM_CONVERSION = YES;
				CLANG_WARN_INFINITE_RECURSION = YES;
				CLANG_WARN_INT_CONVERSION = YES;
				CLANG_WARN_NON_LITERAL_NULL_CONVERSION = YES;
				CLANG_WARN_OBJC_IMPLICIT_RETAIN_SELF = YES;
				CLANG_WARN_OBJC_LITERAL_CONVERSION = YES;
				CLANG_WARN_OBJC_ROOT_CLASS = YES_ERROR;
				CLANG_WARN_QUOTED_INCLUDE_IN_FRAMEWORK_HEADER = YES;
				CLANG_WARN_RANGE_LOOP_ANALYSIS = YES;
				CLANG_WARN_STRICT_PROTOTYPES = YES;
				CLANG_WARN_SUSPICIOUS_MOVE = YES;
				CLANG_WARN_UNREACHABLE_CODE = YES;
				CLANG_WARN__DUPLICATE_METHOD_MATCH = YES;
				"CODE_SIGN_IDENTITY[sdk=iphoneos*]" = "iPhone Developer";
				COPY_PHASE_STRIP = NO;
				DEBUG_INFORMATION_FORMAT = dwarf;
				ENABLE_STRICT_OBJC_MSGSEND = YES;
				ENABLE_TESTABILITY = YES;
				GCC_C_LANGUAGE_STANDARD = gnu99;
				GCC_DYNAMIC_NO_PIC = NO;
				GCC_NO_COMMON_BLOCKS = YES;
				GCC_OPTIMIZATION_LEVEL = 0;
				GCC_PREPROCESSOR_DEFINITIONS = (
					"DEBUG=1",
					"$(inherited)",
				);
				GCC_WARN_64_TO_32_BIT_CONVERSION = YES;
				GCC_WARN_ABOUT_RETURN_TYPE = YES_ERROR;
				GCC_WARN_UNDECLARED_SELECTOR = YES;
				GCC_WARN_UNINITIALIZED_AUTOS = YES_AGGRESSIVE;
				GCC_WARN_UNUSED_FUNCTION = YES;
				GCC_WARN_UNUSED_VARIABLE = YES;
				HEADER_SEARCH_PATHS = "";
				IPHONEOS_DEPLOYMENT_TARGET = 12.0;
				MTL_ENABLE_DEBUG_INFO = YES;
				ONLY_ACTIVE_ARCH = YES;
				SDKROOT = iphoneos;
				TARGETED_DEVICE_FAMILY = "1,2";
			};
			name = Debug;
		};
		D6AEBD7E1E92DBB300C31082 /* Release */ = {
			isa = XCBuildConfiguration;
			buildSettings = {
				ALWAYS_SEARCH_USER_PATHS = NO;
				CLANG_ANALYZER_LOCALIZABILITY_NONLOCALIZED = YES;
				CLANG_ANALYZER_NONNULL = YES;
				CLANG_ANALYZER_NUMBER_OBJECT_CONVERSION = YES_AGGRESSIVE;
				CLANG_CXX_LANGUAGE_STANDARD = "gnu++0x";
				CLANG_CXX_LIBRARY = "libc++";
				CLANG_ENABLE_MODULES = YES;
				CLANG_ENABLE_OBJC_ARC = YES;
				CLANG_WARN_BLOCK_CAPTURE_AUTORELEASING = YES;
				CLANG_WARN_BOOL_CONVERSION = YES;
				CLANG_WARN_COMMA = YES;
				CLANG_WARN_CONSTANT_CONVERSION = YES;
				CLANG_WARN_DEPRECATED_OBJC_IMPLEMENTATIONS = YES;
				CLANG_WARN_DIRECT_OBJC_ISA_USAGE = YES_ERROR;
				CLANG_WARN_DOCUMENTATION_COMMENTS = YES;
				CLANG_WARN_EMPTY_BODY = YES;
				CLANG_WARN_ENUM_CONVERSION = YES;
				CLANG_WARN_INFINITE_RECURSION = YES;
				CLANG_WARN_INT_CONVERSION = YES;
				CLANG_WARN_NON_LITERAL_NULL_CONVERSION = YES;
				CLANG_WARN_OBJC_IMPLICIT_RETAIN_SELF = YES;
				CLANG_WARN_OBJC_LITERAL_CONVERSION = YES;
				CLANG_WARN_OBJC_ROOT_CLASS = YES_ERROR;
				CLANG_WARN_QUOTED_INCLUDE_IN_FRAMEWORK_HEADER = YES;
				CLANG_WARN_RANGE_LOOP_ANALYSIS = YES;
				CLANG_WARN_STRICT_PROTOTYPES = YES;
				CLANG_WARN_SUSPICIOUS_MOVE = YES;
				CLANG_WARN_UNREACHABLE_CODE = YES;
				CLANG_WARN__DUPLICATE_METHOD_MATCH = YES;
				"CODE_SIGN_IDENTITY[sdk=iphoneos*]" = "iPhone Developer";
				COPY_PHASE_STRIP = NO;
				DEBUG_INFORMATION_FORMAT = "dwarf-with-dsym";
				ENABLE_NS_ASSERTIONS = NO;
				ENABLE_STRICT_OBJC_MSGSEND = YES;
				GCC_C_LANGUAGE_STANDARD = gnu99;
				GCC_NO_COMMON_BLOCKS = YES;
				GCC_WARN_64_TO_32_BIT_CONVERSION = YES;
				GCC_WARN_ABOUT_RETURN_TYPE = YES_ERROR;
				GCC_WARN_UNDECLARED_SELECTOR = YES;
				GCC_WARN_UNINITIALIZED_AUTOS = YES_AGGRESSIVE;
				GCC_WARN_UNUSED_FUNCTION = YES;
				GCC_WARN_UNUSED_VARIABLE = YES;
				HEADER_SEARCH_PATHS = "";
				IPHONEOS_DEPLOYMENT_TARGET = 12.0;
				MTL_ENABLE_DEBUG_INFO = NO;
				SDKROOT = iphoneos;
				TARGETED_DEVICE_FAMILY = "1,2";
				VALIDATE_PRODUCT = YES;
			};
			name = Release;
		};
		D6AEBD801E92DBB300C31082 /* Debug */ = {
			isa = XCBuildConfiguration;
			baseConfigurationReference = 8025F4CC28EAEBB7A21FB6C0 /* Pods-QuickAuthSample.debug.xcconfig */;
			buildSettings = {
				ALWAYS_SEARCH_USER_PATHS = NO;
				ASSETCATALOG_COMPILER_APPICON_NAME = AppIcon;
				CODE_SIGN_ENTITLEMENTS = SampleAppiOS/SampleAppiOS.entitlements;
				CODE_SIGN_IDENTITY = "Apple Development";
				CODE_SIGN_STYLE = Automatic;
				DEVELOPMENT_TEAM = UBF8T346G9;
				FRAMEWORK_SEARCH_PATHS = (
					"$(inherited)",
					"$(PROJECT_DIR)",
				);
				HEADER_SEARCH_PATHS = "$(inherited)";
				INFOPLIST_FILE = SampleAppiOS/Info.plist;
				IPHONEOS_DEPLOYMENT_TARGET = 12.0;
				LD_RUNPATH_SEARCH_PATHS = "$(inherited) @executable_path/Frameworks";
				PODS_ROOT = "$(inherited)";
				PRODUCT_BUNDLE_IDENTIFIER = com.microsoft.signinDemo;
				PRODUCT_NAME = "$(TARGET_NAME)";
				PROVISIONING_PROFILE_SPECIFIER = "";
			};
			name = Debug;
		};
		D6AEBD811E92DBB300C31082 /* Release */ = {
			isa = XCBuildConfiguration;
			baseConfigurationReference = 1F4E7F9A08A5E9E912BD6799 /* Pods-QuickAuthSample.release.xcconfig */;
			buildSettings = {
				ALWAYS_SEARCH_USER_PATHS = NO;
				ASSETCATALOG_COMPILER_APPICON_NAME = AppIcon;
				CODE_SIGN_ENTITLEMENTS = SampleAppiOS/SampleAppiOS.entitlements;
				CODE_SIGN_IDENTITY = "Apple Development";
				CODE_SIGN_STYLE = Automatic;
				DEVELOPMENT_TEAM = UBF8T346G9;
				FRAMEWORK_SEARCH_PATHS = (
					"$(inherited)",
					"$(PROJECT_DIR)",
				);
				HEADER_SEARCH_PATHS = "$(inherited)";
				INFOPLIST_FILE = SampleAppiOS/Info.plist;
				IPHONEOS_DEPLOYMENT_TARGET = 12.0;
				LD_RUNPATH_SEARCH_PATHS = "$(inherited) @executable_path/Frameworks";
				PODS_ROOT = "$(inherited)";
				PRODUCT_BUNDLE_IDENTIFIER = com.microsoft.signinDemo;
				PRODUCT_NAME = "$(TARGET_NAME)";
				PROVISIONING_PROFILE_SPECIFIER = "";
			};
			name = Release;
		};
/* End XCBuildConfiguration section */

/* Begin XCConfigurationList section */
		D6AEBD631E92DBB300C31082 /* Build configuration list for PBXProject "QuickAuthSample" */ = {
			isa = XCConfigurationList;
			buildConfigurations = (
				D6AEBD7D1E92DBB300C31082 /* Debug */,
				D6AEBD7E1E92DBB300C31082 /* Release */,
			);
			defaultConfigurationIsVisible = 0;
			defaultConfigurationName = Release;
		};
		D6AEBD7F1E92DBB300C31082 /* Build configuration list for PBXNativeTarget "QuickAuthSample" */ = {
			isa = XCConfigurationList;
			buildConfigurations = (
				D6AEBD801E92DBB300C31082 /* Debug */,
				D6AEBD811E92DBB300C31082 /* Release */,
			);
			defaultConfigurationIsVisible = 0;
			defaultConfigurationName = Release;
		};
/* End XCConfigurationList section */
	};
	rootObject = D6AEBD601E92DBB300C31082 /* Project object */;
}
